// !$*UTF8*$!
{
	archiveVersion = 1;
	classes = {
	};
	objectVersion = 77;
	objects = {

/* Begin PBXContainerItemProxy section */
		7669E81C2F57BCD000072C01 /* PBXContainerItemProxy */ = {
			isa = PBXContainerItemProxy;
			containerPortal = 7669E7FE2F57BCCF00072C01 /* Project object */;
			proxyType = 1;
			remoteGlobalIDString = 7669E8052F57BCCF00072C01;
			remoteInfo = QuizAppCodex;
		};
		7669E8262F57BCD000072C01 /* PBXContainerItemProxy */ = {
			isa = PBXContainerItemProxy;
			containerPortal = 7669E7FE2F57BCCF00072C01 /* Project object */;
			proxyType = 1;
			remoteGlobalIDString = 7669E8052F57BCCF00072C01;
			remoteInfo = QuizAppCodex;
		};
/* End PBXContainerItemProxy section */

/* Begin PBXFileReference section */
		7669E8062F57BCCF00072C01 /* QuizAppCodex.app */ = {isa = PBXFileReference; explicitFileType = wrapper.application; includeInIndex = 0; path = QuizAppCodex.app; sourceTree = BUILT_PRODUCTS_DIR; };
		7669E81B2F57BCD000072C01 /* QuizAppCodexTests.xctest */ = {isa = PBXFileReference; explicitFileType = wrapper.cfbundle; includeInIndex = 0; path = QuizAppCodexTests.xctest; sourceTree = BUILT_PRODUCTS_DIR; };
		7669E8252F57BCD000072C01 /* QuizAppCodexUITests.xctest */ = {isa = PBXFileReference; explicitFileType = wrapper.cfbundle; includeInIndex = 0; path = QuizAppCodexUITests.xctest; sourceTree = BUILT_PRODUCTS_DIR; };
/* End PBXFileReference section */

/* Begin PBXFileSystemSynchronizedRootGroup section */
		7669E8082F57BCCF00072C01 /* QuizAppCodex */ = {
			isa = PBXFileSystemSynchronizedRootGroup;
			path = QuizAppCodex;
			sourceTree = "<group>";
		};
		7669E81E2F57BCD000072C01 /* QuizAppCodexTests */ = {
			isa = PBXFileSystemSynchronizedRootGroup;
			path = QuizAppCodexTests;
			sourceTree = "<group>";
		};
		7669E8282F57BCD000072C01 /* QuizAppCodexUITests */ = {
			isa = PBXFileSystemSynchronizedRootGroup;
			path = QuizAppCodexUITests;
			sourceTree = "<group>";
		};
/* End PBXFileSystemSynchronizedRootGroup section */

/* Begin PBXFrameworksBuildPhase section */
		7669E8032F57BCCF00072C01 /* Frameworks */ = {
			isa = PBXFrameworksBuildPhase;
			buildActionMask = 2147483647;
			files = (
			);
			runOnlyForDeploymentPostprocessing = 0;
		};
		7669E8182F57BCD000072C01 /* Frameworks */ = {
			isa = PBXFrameworksBuildPhase;
			buildActionMask = 2147483647;
			files = (
			);
			runOnlyForDeploymentPostprocessing = 0;
		};
		7669E8222F57BCD000072C01 /* Frameworks */ = {
			isa = PBXFrameworksBuildPhase;
			buildActionMask = 2147483647;
			files = (
			);
			runOnlyForDeploymentPostprocessing = 0;
		};
/* End PBXFrameworksBuildPhase section */

/* Begin PBXGroup section */
		7669E7FD2F57BCCF00072C01 = {
			isa = PBXGroup;
			children = (
				7669E8082F57BCCF00072C01 /* QuizAppCodex */,
				7669E81E2F57BCD000072C01 /* QuizAppCodexTests */,
				7669E8282F57BCD000072C01 /* QuizAppCodexUITests */,
				7669E8072F57BCCF00072C01 /* Products */,
			);
			sourceTree = "<group>";
		};
		7669E8072F57BCCF00072C01 /* Products */ = {
			isa = PBXGroup;
			children = (
				7669E8062F57BCCF00072C01 /* QuizAppCodex.app */,
				7669E81B2F57BCD000072C01 /* QuizAppCodexTests.xctest */,
				7669E8252F57BCD000072C01 /* QuizAppCodexUITests.xctest */,
			);
			name = Products;
			sourceTree = "<group>";
		};
/* End PBXGroup section */

/* Begin PBXNativeTarget section */
		7669E8052F57BCCF00072C01 /* QuizAppCodex */ = {
			isa = PBXNativeTarget;
			buildConfigurationList = 7669E82F2F57BCD000072C01 /* Build configuration list for PBXNativeTarget "QuizAppCodex" */;
			buildPhases = (
				7669E8022F57BCCF00072C01 /* Sources */,
				7669E8032F57BCCF00072C01 /* Frameworks */,
				7669E8042F57BCCF00072C01 /* Resources */,
			);
			buildRules = (
			);
			dependencies = (
			);
			fileSystemSynchronizedGroups = (
				7669E8082F57BCCF00072C01 /* QuizAppCodex */,
			);
			name = QuizAppCodex;
			packageProductDependencies = (
			);
			productName = QuizAppCodex;
			productReference = 7669E8062F57BCCF00072C01 /* QuizAppCodex.app */;
			productType = "com.apple.product-type.application";
		};
		7669E81A2F57BCD000072C01 /* QuizAppCodexTests */ = {
			isa = PBXNativeTarget;
			buildConfigurationList = 7669E8322F57BCD000072C01 /* Build configuration list for PBXNativeTarget "QuizAppCodexTests" */;
			buildPhases = (
				7669E8172F57BCD000072C01 /* Sources */,
				7669E8182F57BCD000072C01 /* Frameworks */,
				7669E8192F57BCD000072C01 /* Resources */,
			);
			buildRules = (
			);
			dependencies = (
				7669E81D2F57BCD000072C01 /* PBXTargetDependency */,
			);
			fileSystemSynchronizedGroups = (
				7669E81E2F57BCD000072C01 /* QuizAppCodexTests */,
			);
			name = QuizAppCodexTests;
			packageProductDependencies = (
			);
			productName = QuizAppCodexTests;
			productReference = 7669E81B2F57BCD000072C01 /* QuizAppCodexTests.xctest */;
			productType = "com.apple.product-type.bundle.unit-test";
		};
		7669E8242F57BCD000072C01 /* QuizAppCodexUITests */ = {
			isa = PBXNativeTarget;
			buildConfigurationList = 7669E8352F57BCD000072C01 /* Build configuration list for PBXNativeTarget "QuizAppCodexUITests" */;
			buildPhases = (
				7669E8212F57BCD000072C01 /* Sources */,
				7669E8222F57BCD000072C01 /* Frameworks */,
				7669E8232F57BCD000072C01 /* Resources */,
			);
			buildRules = (
			);
			dependencies = (
				7669E8272F57BCD000072C01 /* PBXTargetDependency */,
			);
			fileSystemSynchronizedGroups = (
				7669E8282F57BCD000072C01 /* QuizAppCodexUITests */,
			);
			name = QuizAppCodexUITests;
			packageProductDependencies = (
			);
			productName = QuizAppCodexUITests;
			productReference = 7669E8252F57BCD000072C01 /* QuizAppCodexUITests.xctest */;
			productType = "com.apple.product-type.bundle.ui-testing";
		};
/* End PBXNativeTarget section */

/* Begin PBXProject section */
		7669E7FE2F57BCCF00072C01 /* Project object */ = {
			isa = PBXProject;
			attributes = {
				BuildIndependentTargetsInParallel = 1;
				LastSwiftUpdateCheck = 1620;
				LastUpgradeCheck = 1620;
				TargetAttributes = {
					7669E8052F57BCCF00072C01 = {
						CreatedOnToolsVersion = 16.2;
					};
					7669E81A2F57BCD000072C01 = {
						CreatedOnToolsVersion = 16.2;
						TestTargetID = 7669E8052F57BCCF00072C01;
					};
					7669E8242F57BCD000072C01 = {
						CreatedOnToolsVersion = 16.2;
						TestTargetID = 7669E8052F57BCCF00072C01;
					};
				};
			};
			buildConfigurationList = 7669E8012F57BCCF00072C01 /* Build configuration list for PBXProject "QuizAppCodex" */;
			developmentRegion = en;
			hasScannedForEncodings = 0;
			knownRegions = (
				en,
				Base,
			);
			mainGroup = 7669E7FD2F57BCCF00072C01;
			minimizedProjectReferenceProxies = 1;
			preferredProjectObjectVersion = 77;
			productRefGroup = 7669E8072F57BCCF00072C01 /* Products */;
			projectDirPath = "";
			projectRoot = "";
			targets = (
				7669E8052F57BCCF00072C01 /* QuizAppCodex */,
				7669E81A2F57BCD000072C01 /* QuizAppCodexTests */,
				7669E8242F57BCD000072C01 /* QuizAppCodexUITests */,
			);
		};
/* End PBXProject section */

/* Begin PBXResourcesBuildPhase section */
		7669E8042F57BCCF00072C01 /* Resources */ = {
			isa = PBXResourcesBuildPhase;
			buildActionMask = 2147483647;
			files = (
			);
			runOnlyForDeploymentPostprocessing = 0;
		};
		7669E8192F57BCD000072C01 /* Resources */ = {
			isa = PBXResourcesBuildPhase;
			buildActionMask = 2147483647;
			files = (
			);
			runOnlyForDeploymentPostprocessing = 0;
		};
		7669E8232F57BCD000072C01 /* Resources */ = {
			isa = PBXResourcesBuildPhase;
			buildActionMask = 2147483647;
			files = (
			);
			runOnlyForDeploymentPostprocessing = 0;
		};
/* End PBXResourcesBuildPhase section */

/* Begin PBXSourcesBuildPhase section */
		7669E8022F57BCCF00072C01 /* Sources */ = {
			isa = PBXSourcesBuildPhase;
			buildActionMask = 2147483647;
			files = (
			);
			runOnlyForDeploymentPostprocessing = 0;
		};
		7669E8172F57BCD000072C01 /* Sources */ = {
			isa = PBXSourcesBuildPhase;
			buildActionMask = 2147483647;
			files = (
			);
			runOnlyForDeploymentPostprocessing = 0;
		};
		7669E8212F57BCD000072C01 /* Sources */ = {
			isa = PBXSourcesBuildPhase;
			buildActionMask = 2147483647;
			files = (
			);
			runOnlyForDeploymentPostprocessing = 0;
		};
/* End PBXSourcesBuildPhase section */

/* Begin PBXTargetDependency section */
		7669E81D2F57BCD000072C01 /* PBXTargetDependency */ = {
			isa = PBXTargetDependency;
			target = 7669E8052F57BCCF00072C01 /* QuizAppCodex */;
			targetProxy = 7669E81C2F57BCD000072C01 /* PBXContainerItemProxy */;
		};
		7669E8272F57BCD000072C01 /* PBXTargetDependency */ = {
			isa = PBXTargetDependency;
			target = 7669E8052F57BCCF00072C01 /* QuizAppCodex */;
			targetProxy = 7669E8262F57BCD000072C01 /* PBXContainerItemProxy */;
		};
/* End PBXTargetDependency section */

/* Begin XCBuildConfiguration section */
		7669E82D2F57BCD000072C01 /* Debug */ = {
			isa = XCBuildConfiguration;
			buildSettings = {
				ALWAYS_SEARCH_USER_PATHS = NO;
				ASSETCATALOG_COMPILER_GENERATE_SWIFT_ASSET_SYMBOL_EXTENSIONS = YES;
				CLANG_ANALYZER_NONNULL = YES;
				CLANG_ANALYZER_NUMBER_OBJECT_CONVERSION = YES_AGGRESSIVE;
				CLANG_CXX_LANGUAGE_STANDARD = "gnu++20";
				CLANG_ENABLE_MODULES = YES;
				CLANG_ENABLE_OBJC_ARC = YES;
				CLANG_ENABLE_OBJC_WEAK = YES;
				CLANG_WARN_BLOCK_CAPTURE_AUTORELEASING = YES;
				CLANG_WARN_BOOL_CONVERSION = YES;
				CLANG_WARN_COMMA = YES;
				CLANG_WARN_CONSTANT_CONVERSION = YES;
				CLANG_WARN_DEPRECATED_OBJC_IMPLEMENTATIONS = YES;
				CLANG_WARN_DIRECT_OBJC_ISA_USAGE = YES_ERROR;
				CLANG_WARN_DOCUMENTATION_COMMENTS = YES;
				CLANG_WARN_EMPTY_BODY = YES;
				CLANG_WARN_ENUM_CONVERSION = YES;
				CLANG_WARN_INFINITE_RECURSION = YES;
				CLANG_WARN_INT_CONVERSION = YES;
				CLANG_WARN_NON_LITERAL_NULL_CONVERSION = YES;
				CLANG_WARN_OBJC_IMPLICIT_RETAIN_SELF = YES;
				CLANG_WARN_OBJC_LITERAL_CONVERSION = YES;
				CLANG_WARN_OBJC_ROOT_CLASS = YES_ERROR;
				CLANG_WARN_QUOTED_INCLUDE_IN_FRAMEWORK_HEADER = YES;
				CLANG_WARN_RANGE_LOOP_ANALYSIS = YES;
				CLANG_WARN_STRICT_PROTOTYPES = YES;
				CLANG_WARN_SUSPICIOUS_MOVE = YES;
				CLANG_WARN_UNGUARDED_AVAILABILITY = YES_AGGRESSIVE;
				CLANG_WARN_UNREACHABLE_CODE = YES;
				CLANG_WARN__DUPLICATE_METHOD_MATCH = YES;
				COPY_PHASE_STRIP = NO;
				DEBUG_INFORMATION_FORMAT = dwarf;
				ENABLE_STRICT_OBJC_MSGSEND = YES;
				ENABLE_TESTABILITY = YES;
				ENABLE_USER_SCRIPT_SANDBOXING = YES;
				GCC_C_LANGUAGE_STANDARD = gnu17;
				GCC_DYNAMIC_NO_PIC = NO;
				GCC_NO_COMMON_BLOCKS = YES;
				GCC_OPTIMIZATION_LEVEL = 0;
				GCC_PREPROCESSOR_DEFINITIONS = (
					"DEBUG=1",
					"$(inherited)",
				);
				GCC_WARN_64_TO_32_BIT_CONVERSION = YES;
				GCC_WARN_ABOUT_RETURN_TYPE = YES_ERROR;
				GCC_WARN_UNDECLARED_SELECTOR = YES;
				GCC_WARN_UNINITIALIZED_AUTOS = YES_AGGRESSIVE;
				GCC_WARN_UNUSED_FUNCTION = YES;
				GCC_WARN_UNUSED_VARIABLE = YES;
				IPHONEOS_DEPLOYMENT_TARGET = 18.2;
				LOCALIZATION_PREFERS_STRING_CATALOGS = YES;
				MTL_ENABLE_DEBUG_INFO = INCLUDE_SOURCE;
				MTL_FAST_MATH = YES;
				ONLY_ACTIVE_ARCH = YES;
				SDKROOT = iphoneos;
				SWIFT_ACTIVE_COMPILATION_CONDITIONS = "DEBUG $(inherited)";
				SWIFT_OPTIMIZATION_LEVEL = "-Onone";
			};
			name = Debug;
		};
		7669E82E2F57BCD000072C01 /* Release */ = {
			isa = XCBuildConfiguration;
			buildSettings = {
				ALWAYS_SEARCH_USER_PATHS = NO;
				ASSETCATALOG_COMPILER_GENERATE_SWIFT_ASSET_SYMBOL_EXTENSIONS = YES;
				CLANG_ANALYZER_NONNULL = YES;
				CLANG_ANALYZER_NUMBER_OBJECT_CONVERSION = YES_AGGRESSIVE;
				CLANG_CXX_LANGUAGE_STANDARD = "gnu++20";
				CLANG_ENABLE_MODULES = YES;
				CLANG_ENABLE_OBJC_ARC = YES;
				CLANG_ENABLE_OBJC_WEAK = YES;
				CLANG_WARN_BLOCK_CAPTURE_AUTORELEASING = YES;
				CLANG_WARN_BOOL_CONVERSION = YES;
				CLANG_WARN_COMMA = YES;
				CLANG_WARN_CONSTANT_CONVERSION = YES;
				CLANG_WARN_DEPRECATED_OBJC_IMPLEMENTATIONS = YES;
				CLANG_WARN_DIRECT_OBJC_ISA_USAGE = YES_ERROR;
				CLANG_WARN_DOCUMENTATION_COMMENTS = YES;
				CLANG_WARN_EMPTY_BODY = YES;
				CLANG_WARN_ENUM_CONVERSION = YES;
				CLANG_WARN_INFINITE_RECURSION = YES;
				CLANG_WARN_INT_CONVERSION = YES;
				CLANG_WARN_NON_LITERAL_NULL_CONVERSION = YES;
				CLANG_WARN_OBJC_IMPLICIT_RETAIN_SELF = YES;
				CLANG_WARN_OBJC_LITERAL_CONVERSION = YES;
				CLANG_WARN_OBJC_ROOT_CLASS = YES_ERROR;
				CLANG_WARN_QUOTED_INCLUDE_IN_FRAMEWORK_HEADER = YES;
				CLANG_WARN_RANGE_LOOP_ANALYSIS = YES;
				CLANG_WARN_STRICT_PROTOTYPES = YES;
				CLANG_WARN_SUSPICIOUS_MOVE = YES;
				CLANG_WARN_UNGUARDED_AVAILABILITY = YES_AGGRESSIVE;
				CLANG_WARN_UNREACHABLE_CODE = YES;
				CLANG_WARN__DUPLICATE_METHOD_MATCH = YES;
				COPY_PHASE_STRIP = NO;
				DEBUG_INFORMATION_FORMAT = "dwarf-with-dsym";
				ENABLE_NS_ASSERTIONS = NO;
				ENABLE_STRICT_OBJC_MSGSEND = YES;
				ENABLE_USER_SCRIPT_SANDBOXING = YES;
				GCC_C_LANGUAGE_STANDARD = gnu17;
				GCC_NO_COMMON_BLOCKS = YES;
				GCC_WARN_64_TO_32_BIT_CONVERSION = YES;
				GCC_WARN_ABOUT_RETURN_TYPE = YES_ERROR;
				GCC_WARN_UNDECLARED_SELECTOR = YES;
				GCC_WARN_UNINITIALIZED_AUTOS = YES_AGGRESSIVE;
				GCC_WARN_UNUSED_FUNCTION = YES;
				GCC_WARN_UNUSED_VARIABLE = YES;
				IPHONEOS_DEPLOYMENT_TARGET = 18.2;
				LOCALIZATION_PREFERS_STRING_CATALOGS = YES;
				MTL_ENABLE_DEBUG_INFO = NO;
				MTL_FAST_MATH = YES;
				SDKROOT = iphoneos;
				SWIFT_COMPILATION_MODE = wholemodule;
				VALIDATE_PRODUCT = YES;
			};
			name = Release;
		};
		7669E8302F57BCD000072C01 /* Debug */ = {
			isa = XCBuildConfiguration;
			buildSettings = {
				ASSETCATALOG_COMPILER_APPICON_NAME = AppIcon;
				ASSETCATALOG_COMPILER_GLOBAL_ACCENT_COLOR_NAME = AccentColor;
				CODE_SIGN_STYLE = Automatic;
				CURRENT_PROJECT_VERSION = 1;
				DEVELOPMENT_ASSET_PATHS = "\"QuizAppCodex/Preview Content\"";
				DEVELOPMENT_TEAM = 985J6A55JS;
				ENABLE_PREVIEWS = YES;
				GENERATE_INFOPLIST_FILE = YES;
				INFOPLIST_KEY_UIApplicationSceneManifest_Generation = YES;
				INFOPLIST_KEY_UIApplicationSupportsIndirectInputEvents = YES;
				INFOPLIST_KEY_UILaunchScreen_Generation = YES;
				INFOPLIST_KEY_UISupportedInterfaceOrientations_iPad = "UIInterfaceOrientationPortrait UIInterfaceOrientationPortraitUpsideDown UIInterfaceOrientationLandscapeLeft UIInterfaceOrientationLandscapeRight";
				INFOPLIST_KEY_UISupportedInterfaceOrientations_iPhone = "UIInterfaceOrientationPortrait UIInterfaceOrientationLandscapeLeft UIInterfaceOrientationLandscapeRight";
				LD_RUNPATH_SEARCH_PATHS = (
					"$(inherited)",
					"@executable_path/Frameworks",
				);
				MARKETING_VERSION = 1.0;
				PRODUCT_BUNDLE_IDENTIFIER = quizapp.ara.com.QuizAppCodex;
				PRODUCT_NAME = "$(TARGET_NAME)";
				SWIFT_EMIT_LOC_STRINGS = YES;
				SWIFT_VERSION = 5.0;
				TARGETED_DEVICE_FAMILY = "1,2";
			};
			name = Debug;
		};
		7669E8312F57BCD000072C01 /* Release */ = {
			isa = XCBuildConfiguration;
			buildSettings = {
				ASSETCATALOG_COMPILER_APPICON_NAME = AppIcon;
				ASSETCATALOG_COMPILER_GLOBAL_ACCENT_COLOR_NAME = AccentColor;
				CODE_SIGN_STYLE = Automatic;
				CURRENT_PROJECT_VERSION = 1;
				DEVELOPMENT_ASSET_PATHS = "\"QuizAppCodex/Preview Content\"";
				DEVELOPMENT_TEAM = 985J6A55JS;
				ENABLE_PREVIEWS = YES;
				GENERATE_INFOPLIST_FILE = YES;
				INFOPLIST_KEY_UIApplicationSceneManifest_Generation = YES;
				INFOPLIST_KEY_UIApplicationSupportsIndirectInputEvents = YES;
				INFOPLIST_KEY_UILaunchScreen_Generation = YES;
				INFOPLIST_KEY_UISupportedInterfaceOrientations_iPad = "UIInterfaceOrientationPortrait UIInterfaceOrientationPortraitUpsideDown UIInterfaceOrientationLandscapeLeft UIInterfaceOrientationLandscapeRight";
				INFOPLIST_KEY_UISupportedInterfaceOrientations_iPhone = "UIInterfaceOrientationPortrait UIInterfaceOrientationLandscapeLeft UIInterfaceOrientationLandscapeRight";
				LD_RUNPATH_SEARCH_PATHS = (
					"$(inherited)",
					"@executable_path/Frameworks",
				);
				MARKETING_VERSION = 1.0;
				PRODUCT_BUNDLE_IDENTIFIER = quizapp.ara.com.QuizAppCodex;
				PRODUCT_NAME = "$(TARGET_NAME)";
				SWIFT_EMIT_LOC_STRINGS = YES;
				SWIFT_VERSION = 5.0;
				TARGETED_DEVICE_FAMILY = "1,2";
			};
			name = Release;
		};
		7669E8332F57BCD000072C01 /* Debug */ = {
			isa = XCBuildConfiguration;
			buildSettings = {
				BUNDLE_LOADER = "$(TEST_HOST)";
				CODE_SIGN_STYLE = Automatic;
				CURRENT_PROJECT_VERSION = 1;
				DEVELOPMENT_TEAM = 985J6A55JS;
				GENERATE_INFOPLIST_FILE = YES;
				IPHONEOS_DEPLOYMENT_TARGET = 18.2;
				MARKETING_VERSION = 1.0;
				PRODUCT_BUNDLE_IDENTIFIER = quizapp.ara.com.QuizAppCodexTests;
				PRODUCT_NAME = "$(TARGET_NAME)";
				SWIFT_EMIT_LOC_STRINGS = NO;
				SWIFT_VERSION = 5.0;
				TARGETED_DEVICE_FAMILY = "1,2";
				TEST_HOST = "$(BUILT_PRODUCTS_DIR)/QuizAppCodex.app/$(BUNDLE_EXECUTABLE_FOLDER_PATH)/QuizAppCodex";
			};
			name = Debug;
		};
		7669E8342F57BCD000072C01 /* Release */ = {
			isa = XCBuildConfiguration;
			buildSettings = {
				BUNDLE_LOADER = "$(TEST_HOST)";
				CODE_SIGN_STYLE = Automatic;
				CURRENT_PROJECT_VERSION = 1;
				DEVELOPMENT_TEAM = 985J6A55JS;
				GENERATE_INFOPLIST_FILE = YES;
				IPHONEOS_DEPLOYMENT_TARGET = 18.2;
				MARKETING_VERSION = 1.0;
				PRODUCT_BUNDLE_IDENTIFIER = quizapp.ara.com.QuizAppCodexTests;
				PRODUCT_NAME = "$(TARGET_NAME)";
				SWIFT_EMIT_LOC_STRINGS = NO;
				SWIFT_VERSION = 5.0;
				TARGETED_DEVICE_FAMILY = "1,2";
				TEST_HOST = "$(BUILT_PRODUCTS_DIR)/QuizAppCodex.app/$(BUNDLE_EXECUTABLE_FOLDER_PATH)/QuizAppCodex";
			};
			name = Release;
		};
		7669E8362F57BCD000072C01 /* Debug */ = {
			isa = XCBuildConfiguration;
			buildSettings = {
				CODE_SIGN_STYLE = Automatic;
				CURRENT_PROJECT_VERSION = 1;
				DEVELOPMENT_TEAM = 985J6A55JS;
				GENERATE_INFOPLIST_FILE = YES;
				MARKETING_VERSION = 1.0;
				PRODUCT_BUNDLE_IDENTIFIER = quizapp.ara.com.QuizAppCodexUITests;
				PRODUCT_NAME = "$(TARGET_NAME)";
				SWIFT_EMIT_LOC_STRINGS = NO;
				SWIFT_VERSION = 5.0;
				TARGETED_DEVICE_FAMILY = "1,2";
				TEST_TARGET_NAME = QuizAppCodex;
			};
			name = Debug;
		};
		7669E8372F57BCD000072C01 /* Release */ = {
			isa = XCBuildConfiguration;
			buildSettings = {
				CODE_SIGN_STYLE = Automatic;
				CURRENT_PROJECT_VERSION = 1;
				DEVELOPMENT_TEAM = 985J6A55JS;
				GENERATE_INFOPLIST_FILE = YES;
				MARKETING_VERSION = 1.0;
				PRODUCT_BUNDLE_IDENTIFIER = quizapp.ara.com.QuizAppCodexUITests;
				PRODUCT_NAME = "$(TARGET_NAME)";
				SWIFT_EMIT_LOC_STRINGS = NO;
				SWIFT_VERSION = 5.0;
				TARGETED_DEVICE_FAMILY = "1,2";
				TEST_TARGET_NAME = QuizAppCodex;
			};
			name = Release;
		};
/* End XCBuildConfiguration section */

/* Begin XCConfigurationList section */
		7669E8012F57BCCF00072C01 /* Build configuration list for PBXProject "QuizAppCodex" */ = {
			isa = XCConfigurationList;
			buildConfigurations = (
				7669E82D2F57BCD000072C01 /* Debug */,
				7669E82E2F57BCD000072C01 /* Release */,
			);
			defaultConfigurationIsVisible = 0;
			defaultConfigurationName = Release;
		};
		7669E82F2F57BCD000072C01 /* Build configuration list for PBXNativeTarget "QuizAppCodex" */ = {
			isa = XCConfigurationList;
			buildConfigurations = (
				7669E8302F57BCD000072C01 /* Debug */,
				7669E8312F57BCD000072C01 /* Release */,
			);
			defaultConfigurationIsVisible = 0;
			defaultConfigurationName = Release;
		};
		7669E8322F57BCD000072C01 /* Build configuration list for PBXNativeTarget "QuizAppCodexTests" */ = {
			isa = XCConfigurationList;
			buildConfigurations = (
				7669E8332F57BCD000072C01 /* Debug */,
				7669E8342F57BCD000072C01 /* Release */,
			);
			defaultConfigurationIsVisible = 0;
			defaultConfigurationName = Release;
		};
		7669E8352F57BCD000072C01 /* Build configuration list for PBXNativeTarget "QuizAppCodexUITests" */ = {
			isa = XCConfigurationList;
			buildConfigurations = (
				7669E8362F57BCD000072C01 /* Debug */,
				7669E8372F57BCD000072C01 /* Release */,
			);
			defaultConfigurationIsVisible = 0;
			defaultConfigurationName = Release;
		};
/* End XCConfigurationList section */
	};
	rootObject = 7669E7FE2F57BCCF00072C01 /* Project object */;
}
